
Microsoft Visual Studio Solution File, Format Version 12.00
# Visual Studio Version 17
VisualStudioVersion = 17.12.35506.116 d17.12
MinimumVisualStudioVersion = 10.0.40219.1
Project("{FAE04EC0-301F-11D3-BF4B-00C04F79EFBC}") = "StackExampleNON-GENERIC", "StackExampleNON-GENERIC\StackExampleNON-GENERIC.csproj", "{EEF3BF66-30C8-4C94-99BA-01B07A32E93E}"
EndProject
Global
	GlobalSection(SolutionConfigurationPlatforms) = preSolution
		Debug|Any CPU = Debug|Any CPU
		Release|Any CPU = Release|Any CPU
	EndGlobalSection
	GlobalSection(ProjectConfigurationPlatforms) = postSolution
		{EEF3BF66-30C8-4C94-99BA-01B07A32E93E}.Debug|Any CPU.ActiveCfg = Debug|Any CPU
		{EEF3BF66-30C8-4C94-99BA-01B07A32E93E}.Debug|Any CPU.Build.0 = Debug|Any CPU
		{EEF3BF66-30C8-4C94-99BA-01B07A32E93E}.Release|Any CPU.ActiveCfg = Release|Any CPU
		{EEF3BF66-30C8-4C94-99BA-01B07A32E93E}.Release|Any CPU.Build.0 = Release|Any CPU
	EndGlobalSection
	GlobalSection(SolutionProperties) = preSolution
		HideSolutionNode = FALSE
	EndGlobalSection
EndGlobal
