
Microsoft Visual Studio Solution File, Format Version 12.00
# Visual Studio Version 17
VisualStudioVersion = 17.12.35506.116 d17.12
MinimumVisualStudioVersion = 10.0.40219.1
Project("{FAE04EC0-301F-11D3-BF4B-00C04F79EFBC}") = "whileLoop", "whileLoop\whileLoop.csproj", "{F6D54ED4-83C6-46CC-8AA5-9DD4F7C8139D}"
EndProject
Global
	GlobalSection(SolutionConfigurationPlatforms) = preSolution
		Debug|Any CPU = Debug|Any CPU
		Release|Any CPU = Release|Any CPU
	EndGlobalSection
	GlobalSection(ProjectConfigurationPlatforms) = postSolution
		{F6D54ED4-83C6-46CC-8AA5-9DD4F7C8139D}.Debug|Any CPU.ActiveCfg = Debug|Any CPU
		{F6D54ED4-83C6-46CC-8AA5-9DD4F7C8139D}.Debug|Any CPU.Build.0 = Debug|Any CPU
		{F6D54ED4-83C6-46CC-8AA5-9DD4F7C8139D}.Release|Any CPU.ActiveCfg = Release|Any CPU
		{F6D54ED4-83C6-46CC-8AA5-9DD4F7C8139D}.Release|Any CPU.Build.0 = Release|Any CPU
	EndGlobalSection
	GlobalSection(SolutionProperties) = preSolution
		HideSolutionNode = FALSE
	EndGlobalSection
EndGlobal
